
Microsoft Visual Studio Solution File, Format Version 12.00
# Visual Studio Version 16
VisualStudioVersion = 16.0.30503.244
MinimumVisualStudioVersion = 10.0.40219.1
Project("{2150E333-8FDC-42A3-9474-1A3956D46DE8}") = "Solution Items", "Solution Items", "{38D5599E-F411-4A4B-B633-ED48A6A1032A}"
	ProjectSection(SolutionItems) = preProject
		.gitignore = .gitignore
		LICENSE = LICENSE
		README.md = README.md
	EndProjectSection
EndProject
Project("{2150E333-8FDC-42A3-9474-1A3956D46DE8}") = "Tasks", "Tasks", "{ABF1C711-D775-48C8-8182-F30B2A0AB4DC}"
EndProject
Project("{9A19103F-16F7-4668-BE54-9A1E7A4F7556}") = "TeachMeSkills.DotNet.Task1", "src\TeachMeSkills.DotNet.Task1\TeachMeSkills.DotNet.Task1.csproj", "{D866C99C-33BC-4FA1-96A6-CDC363CA6B60}"
EndProject
Project("{9A19103F-16F7-4668-BE54-9A1E7A4F7556}") = "TeachMeSkills.DotNet.Task2", "src\TeachMeSkills.DotNet.Task2\TeachMeSkills.DotNet.Task2.csproj", "{EF8C6296-DEB2-4DFB-A366-F8A9EB7D49FD}"
EndProject
Project("{9A19103F-16F7-4668-BE54-9A1E7A4F7556}") = "TeachMeSkills.DotNet.Task3", "src\TeachMeSkills.DotNet.Task3\TeachMeSkills.DotNet.Task3.csproj", "{C32BD7F0-C83C-4939-BF3D-51E5EC465733}"
EndProject
Project("{9A19103F-16F7-4668-BE54-9A1E7A4F7556}") = "TeachMeSkills.DotNet.Task4", "src\TeachMeSkills.DotNet.Task4\TeachMeSkills.DotNet.Task4.csproj", "{41DD41B4-F0FE-4929-B913-ABD4BD53C538}"
EndProject
Project("{9A19103F-16F7-4668-BE54-9A1E7A4F7556}") = "TeachMeSkills.DotNet.Task5", "src\TeachMeSkills.DotNet.Task5\TeachMeSkills.DotNet.Task5.csproj", "{3CD74426-0467-406A-AF7D-36898A087815}"
EndProject
Project("{9A19103F-16F7-4668-BE54-9A1E7A4F7556}") = "TeachMeSkills.DotNet.Task6", "src\TeachMeSkills.DotNet.Task6\TeachMeSkills.DotNet.Task6.csproj", "{BCED046A-3ABB-4B28-B1BB-E976E1F5F3B9}"
EndProject
Project("{FAE04EC0-301F-11D3-BF4B-00C04F79EFBC}") = "TeachMeSkills.DotNet.Task8", "src\TeachMeSkills.DotNet.Task8\TeachMeSkills.DotNet.Task8.csproj", "{3E79FA8F-9DA7-4FC9-A9FD-8D8765857057}"
EndProject
Global
	GlobalSection(SolutionConfigurationPlatforms) = preSolution
		Debug|Any CPU = Debug|Any CPU
		Release|Any CPU = Release|Any CPU
	EndGlobalSection
	GlobalSection(ProjectConfigurationPlatforms) = postSolution
		{D866C99C-33BC-4FA1-96A6-CDC363CA6B60}.Debug|Any CPU.ActiveCfg = Debug|Any CPU
		{D866C99C-33BC-4FA1-96A6-CDC363CA6B60}.Debug|Any CPU.Build.0 = Debug|Any CPU
		{D866C99C-33BC-4FA1-96A6-CDC363CA6B60}.Release|Any CPU.ActiveCfg = Release|Any CPU
		{D866C99C-33BC-4FA1-96A6-CDC363CA6B60}.Release|Any CPU.Build.0 = Release|Any CPU
		{EF8C6296-DEB2-4DFB-A366-F8A9EB7D49FD}.Debug|Any CPU.ActiveCfg = Debug|Any CPU
		{EF8C6296-DEB2-4DFB-A366-F8A9EB7D49FD}.Debug|Any CPU.Build.0 = Debug|Any CPU
		{EF8C6296-DEB2-4DFB-A366-F8A9EB7D49FD}.Release|Any CPU.ActiveCfg = Release|Any CPU
		{EF8C6296-DEB2-4DFB-A366-F8A9EB7D49FD}.Release|Any CPU.Build.0 = Release|Any CPU
		{C32BD7F0-C83C-4939-BF3D-51E5EC465733}.Debug|Any CPU.ActiveCfg = Debug|Any CPU
		{C32BD7F0-C83C-4939-BF3D-51E5EC465733}.Debug|Any CPU.Build.0 = Debug|Any CPU
		{C32BD7F0-C83C-4939-BF3D-51E5EC465733}.Release|Any CPU.ActiveCfg = Release|Any CPU
		{C32BD7F0-C83C-4939-BF3D-51E5EC465733}.Release|Any CPU.Build.0 = Release|Any CPU
		{41DD41B4-F0FE-4929-B913-ABD4BD53C538}.Debug|Any CPU.ActiveCfg = Debug|Any CPU
		{41DD41B4-F0FE-4929-B913-ABD4BD53C538}.Debug|Any CPU.Build.0 = Debug|Any CPU
		{41DD41B4-F0FE-4929-B913-ABD4BD53C538}.Release|Any CPU.ActiveCfg = Release|Any CPU
		{41DD41B4-F0FE-4929-B913-ABD4BD53C538}.Release|Any CPU.Build.0 = Release|Any CPU
		{3CD74426-0467-406A-AF7D-36898A087815}.Debug|Any CPU.ActiveCfg = Debug|Any CPU
		{3CD74426-0467-406A-AF7D-36898A087815}.Debug|Any CPU.Build.0 = Debug|Any CPU
		{3CD74426-0467-406A-AF7D-36898A087815}.Release|Any CPU.ActiveCfg = Release|Any CPU
		{3CD74426-0467-406A-AF7D-36898A087815}.Release|Any CPU.Build.0 = Release|Any CPU
		{BCED046A-3ABB-4B28-B1BB-E976E1F5F3B9}.Debug|Any CPU.ActiveCfg = Debug|Any CPU
		{BCED046A-3ABB-4B28-B1BB-E976E1F5F3B9}.Debug|Any CPU.Build.0 = Debug|Any CPU
		{BCED046A-3ABB-4B28-B1BB-E976E1F5F3B9}.Release|Any CPU.ActiveCfg = Release|Any CPU
		{BCED046A-3ABB-4B28-B1BB-E976E1F5F3B9}.Release|Any CPU.Build.0 = Release|Any CPU
		{3E79FA8F-9DA7-4FC9-A9FD-8D8765857057}.Debug|Any CPU.ActiveCfg = Debug|Any CPU
		{3E79FA8F-9DA7-4FC9-A9FD-8D8765857057}.Debug|Any CPU.Build.0 = Debug|Any CPU
		{3E79FA8F-9DA7-4FC9-A9FD-8D8765857057}.Release|Any CPU.ActiveCfg = Release|Any CPU
		{3E79FA8F-9DA7-4FC9-A9FD-8D8765857057}.Release|Any CPU.Build.0 = Release|Any CPU
	EndGlobalSection
	GlobalSection(SolutionProperties) = preSolution
		HideSolutionNode = FALSE
	EndGlobalSection
	GlobalSection(NestedProjects) = preSolution
		{D866C99C-33BC-4FA1-96A6-CDC363CA6B60} = {ABF1C711-D775-48C8-8182-F30B2A0AB4DC}
		{EF8C6296-DEB2-4DFB-A366-F8A9EB7D49FD} = {ABF1C711-D775-48C8-8182-F30B2A0AB4DC}
		{C32BD7F0-C83C-4939-BF3D-51E5EC465733} = {ABF1C711-D775-48C8-8182-F30B2A0AB4DC}
		{41DD41B4-F0FE-4929-B913-ABD4BD53C538} = {ABF1C711-D775-48C8-8182-F30B2A0AB4DC}
		{3CD74426-0467-406A-AF7D-36898A087815} = {ABF1C711-D775-48C8-8182-F30B2A0AB4DC}
		{BCED046A-3ABB-4B28-B1BB-E976E1F5F3B9} = {ABF1C711-D775-48C8-8182-F30B2A0AB4DC}
		{3E79FA8F-9DA7-4FC9-A9FD-8D8765857057} = {ABF1C711-D775-48C8-8182-F30B2A0AB4DC}
	EndGlobalSection
	GlobalSection(ExtensibilityGlobals) = postSolution
		SolutionGuid = {AB361F5D-A586-489F-BE2A-9BA764BA63B1}
	EndGlobalSection
EndGlobal
